{
  "nodes": {
    "autopilot": {
      "inputs": {
        "nixpkgs": [
          "kapack",
          "nixpkgs"
        ],
        "parts": [
          "kapack",
          "parts"
        ],
        "systems": [
          "kapack",
          "systems"
        ]
      },
      "locked": {
        "lastModified": 1771430673,
        "narHash": "sha256-wX8ynjXXRTixcs1xhhxyChpI4ngOt+Bg1p6o3ayc29U=",
        "owner": "stepbrobd",
        "repo": "autopilot",
        "rev": "e75e89136cf1792c0cbf1fcc7cc7dc027702ecc2",
        "type": "github"
      },
      "original": {
        "owner": "stepbrobd",
        "repo": "autopilot",
        "type": "github"
      }
    },
    "kapack": {
      "inputs": {
        "autopilot": "autopilot",
        "nixpkgs": [
          "nixpkgs"
        ],
        "parts": "parts",
        "systems": "systems"
      },
      "locked": {
        "host": "gricad-gitlab.univ-grenoble-alpes.fr",
        "lastModified": 1775769156,
        "narHash": "sha256-BBSg3yIt1yvbSlsZ0bAYKMmr3A3TvarHwwhxJsjzZy4=",
        "owner": "kairns",
        "repo": "kapack",
        "rev": "79dc06d0aea12559cd13d4cb0c8b9279f49672b3",
        "type": "gitlab"
      },
      "original": {
        "host": "gricad-gitlab.univ-grenoble-alpes.fr",
        "owner": "kairns",
        "repo": "kapack",
        "type": "gitlab"
      }
    },
    "nixpkgs": {
      "locked": {
        "lastModified": 1775710090,
        "narHash": "sha256-ar3rofg+awPB8QXDaFJhJ2jJhu+KqN/PRCXeyuXR76E=",
        "owner": "NixOS",
        "repo": "nixpkgs",
        "rev": "4c1018dae018162ec878d42fec712642d214fdfa",
        "type": "github"
      },
      "original": {
        "id": "nixpkgs",
        "ref": "nixos-unstable",
        "type": "indirect"
      }
    },
    "parts": {
      "inputs": {
        "nixpkgs-lib": [
          "kapack",
          "nixpkgs"
        ]
      },
      "locked": {
        "lastModified": 1760948891,
        "narHash": "sha256-TmWcdiUUaWk8J4lpjzu4gCGxWY6/Ok7mOK4fIFfBuU4=",
        "owner": "hercules-ci",
        "repo": "flake-parts",
        "rev": "864599284fc7c0ba6357ed89ed5e2cd5040f0c04",
        "type": "github"
      },
      "original": {
        "owner": "hercules-ci",
        "repo": "flake-parts",
        "type": "github"
      }
    },
    "root": {
      "inputs": {
        "kapack": "kapack",
        "nixpkgs": "nixpkgs"
      }
    },
    "systems": {
      "locked": {
        "lastModified": 1681028828,
        "narHash": "sha256-Vy1rq5AaRuLzOxct8nz4T6wlgyUR7zLU309k9mBC768=",
        "owner": "nix-systems",
        "repo": "default",
        "rev": "da67096a3b9bf56a91d16901293e51ba5b49a27e",
        "type": "github"
      },
      "original": {
        "owner": "nix-systems",
        "repo": "default",
        "type": "github"
      }
    }
  },
  "root": "root",
  "version": 7
}
