{
  "nodes": {
    "autopilot": {
      "inputs": {
        "nixpkgs": [
          "kapack",
          "nixpkgs"
        ],
        "parts": [
          "kapack",
          "parts"
        ],
        "systems": [
          "kapack",
          "systems"
        ]
      },
      "locked": {
        "lastModified": 1771430673,
        "narHash": "sha256-wX8ynjXXRTixcs1xhhxyChpI4ngOt+Bg1p6o3ayc29U=",
        "owner": "stepbrobd",
        "repo": "autopilot",
        "rev": "e75e89136cf1792c0cbf1fcc7cc7dc027702ecc2",
        "type": "github"
      },
      "original": {
        "owner": "stepbrobd",
        "repo": "autopilot",
        "type": "github"
      }
    },
    "kapack": {
      "inputs": {
        "autopilot": "autopilot",
        "nixpkgs": [
          "nixpkgs"
        ],
        "parts": "parts",
        "systems": "systems"
      },
      "locked": {
        "host": "gricad-gitlab.univ-grenoble-alpes.fr",
        "lastModified": 1775769156,
        "narHash": "sha256-BBSg3yIt1yvbSlsZ0bAYKMmr3A3TvarHwwhxJsjzZy4=",
        "owner": "kairns",
        "repo": "kapack",
        "rev": "79dc06d0aea12559cd13d4cb0c8b9279f49672b3",
        "type": "gitlab"
      },
      "original": {
        "host": "gricad-gitlab.univ-grenoble-alpes.fr",
        "owner": "kairns",
        "repo": "kapack",
        "type": "gitlab"
      }
    },
    "nixlib": {
      "locked": {
        "lastModified": 1736643958,
        "narHash": "sha256-tmpqTSWVRJVhpvfSN9KXBvKEXplrwKnSZNAoNPf/S/s=",
        "owner": "nix-community",
        "repo": "nixpkgs.lib",
        "rev": "1418bc28a52126761c02dd3d89b2d8ca0f521181",
        "type": "github"
      },
      "original": {
        "owner": "nix-community",
        "repo": "nixpkgs.lib",
        "type": "github"
      }
    },
    "nixos-generators": {
      "inputs": {
        "nixlib": "nixlib",
        "nixpkgs": [
          "nixpkgs"
        ]
      },
      "locked": {
        "lastModified": 1769813415,
        "narHash": "sha256-nnVmNNKBi1YiBNPhKclNYDORoHkuKipoz7EtVnXO50A=",
        "owner": "nix-community",
        "repo": "nixos-generators",
        "rev": "8946737ff703382fda7623b9fab071d037e897d5",
        "type": "github"
      },
      "original": {
        "owner": "nix-community",
        "repo": "nixos-generators",
        "type": "github"
      }
    },
    "nixpkgs": {
      "locked": {
        "lastModified": 1775595990,
        "narHash": "sha256-OEf7YqhF9IjJFYZJyuhAypgU+VsRB5lD4DuiMws5Ltc=",
        "owner": "NixOS",
        "repo": "nixpkgs",
        "rev": "4e92bbcdb030f3b4782be4751dc08e6b6cb6ccf2",
        "type": "github"
      },
      "original": {
        "id": "nixpkgs",
        "ref": "nixos-25.11",
        "type": "indirect"
      }
    },
    "parts": {
      "inputs": {
        "nixpkgs-lib": [
          "kapack",
          "nixpkgs"
        ]
      },
      "locked": {
        "lastModified": 1760948891,
        "narHash": "sha256-TmWcdiUUaWk8J4lpjzu4gCGxWY6/Ok7mOK4fIFfBuU4=",
        "owner": "hercules-ci",
        "repo": "flake-parts",
        "rev": "864599284fc7c0ba6357ed89ed5e2cd5040f0c04",
        "type": "github"
      },
      "original": {
        "owner": "hercules-ci",
        "repo": "flake-parts",
        "type": "github"
      }
    },
    "root": {
      "inputs": {
        "kapack": "kapack",
        "nixos-generators": "nixos-generators",
        "nixpkgs": "nixpkgs"
      }
    },
    "systems": {
      "locked": {
        "lastModified": 1681028828,
        "narHash": "sha256-Vy1rq5AaRuLzOxct8nz4T6wlgyUR7zLU309k9mBC768=",
        "owner": "nix-systems",
        "repo": "default",
        "rev": "da67096a3b9bf56a91d16901293e51ba5b49a27e",
        "type": "github"
      },
      "original": {
        "owner": "nix-systems",
        "repo": "default",
        "type": "github"
      }
    }
  },
  "root": "root",
  "version": 7
}
